
Microsoft Visual Studio Solution File, Format Version 12.00
# Visual Studio Version 16
VisualStudioVersion = 16.0.35325.158
MinimumVisualStudioVersion = 10.0.40219.1
Project("{FAE04EC0-301F-11D3-BF4B-00C04F79EFBC}") = "ДЗ Переменные", "ДЗ Переменные\ДЗ Переменные.csproj", "{B4EE5C32-BD5E-438B-B1DA-CA87E173CB32}"
EndProject
Global
	GlobalSection(SolutionConfigurationPlatforms) = preSolution
		Debug|Any CPU = Debug|Any CPU
		Release|Any CPU = Release|Any CPU
	EndGlobalSection
	GlobalSection(ProjectConfigurationPlatforms) = postSolution
		{B4EE5C32-BD5E-438B-B1DA-CA87E173CB32}.Debug|Any CPU.ActiveCfg = Debug|Any CPU
		{B4EE5C32-BD5E-438B-B1DA-CA87E173CB32}.Debug|Any CPU.Build.0 = Debug|Any CPU
		{B4EE5C32-BD5E-438B-B1DA-CA87E173CB32}.Release|Any CPU.ActiveCfg = Release|Any CPU
		{B4EE5C32-BD5E-438B-B1DA-CA87E173CB32}.Release|Any CPU.Build.0 = Release|Any CPU
	EndGlobalSection
	GlobalSection(SolutionProperties) = preSolution
		HideSolutionNode = FALSE
	EndGlobalSection
	GlobalSection(ExtensibilityGlobals) = postSolution
		SolutionGuid = {B1A6C64F-A1DC-477D-A84F-AED920A592E5}
	EndGlobalSection
EndGlobal
